
Microsoft Visual Studio Solution File, Format Version 12.00
# Visual Studio 14
VisualStudioVersion = 14.0.25420.1
MinimumVisualStudioVersion = 10.0.40219.1
Project("{8BC9CEB8-8B4A-11D0-8D11-00A0C91BC942}") = "OpenglTutorial", "OpenglTutorial\OpenglTutorial.vcxproj", "{79E927E2-5386-4662-820C-78D1C2444F91}"
EndProject
Global
	GlobalSection(SolutionConfigurationPlatforms) = preSolution
		Debug|Win32 = Debug|Win32
		Debug|x64 = Debug|x64
		Debug|x86 = Debug|x86
		Release|Win32 = Release|Win32
		Release|x64 = Release|x64
		Release|x86 = Release|x86
	EndGlobalSection
	GlobalSection(ProjectConfigurationPlatforms) = postSolution
		{79E927E2-5386-4662-820C-78D1C2444F91}.Debug|Win32.ActiveCfg = Debug|Win32
		{79E927E2-5386-4662-820C-78D1C2444F91}.Debug|Win32.Build.0 = Debug|Win32
		{79E927E2-5386-4662-820C-78D1C2444F91}.Debug|x64.ActiveCfg = Debug|x64
		{79E927E2-5386-4662-820C-78D1C2444F91}.Debug|x64.Build.0 = Debug|x64
		{79E927E2-5386-4662-820C-78D1C2444F91}.Debug|x86.ActiveCfg = Debug|Win32
		{79E927E2-5386-4662-820C-78D1C2444F91}.Debug|x86.Build.0 = Debug|Win32
		{79E927E2-5386-4662-820C-78D1C2444F91}.Release|Win32.ActiveCfg = Release|Win32
		{79E927E2-5386-4662-820C-78D1C2444F91}.Release|Win32.Build.0 = Release|Win32
		{79E927E2-5386-4662-820C-78D1C2444F91}.Release|x64.ActiveCfg = Release|x64
		{79E927E2-5386-4662-820C-78D1C2444F91}.Release|x64.Build.0 = Release|x64
		{79E927E2-5386-4662-820C-78D1C2444F91}.Release|x86.ActiveCfg = Release|Win32
		{79E927E2-5386-4662-820C-78D1C2444F91}.Release|x86.Build.0 = Release|Win32
	EndGlobalSection
	GlobalSection(SolutionProperties) = preSolution
		HideSolutionNode = FALSE
	EndGlobalSection
EndGlobal
